
Microsoft Visual Studio Solution File, Format Version 12.00
# Visual Studio Version 17
VisualStudioVersion = 17.2.32616.157
MinimumVisualStudioVersion = 10.0.40219.1
Project("{FAE04EC0-301F-11D3-BF4B-00C04F79EFBC}") = "AppPackager", "AppPackager\AppPackager.csproj", "{328FE73F-412B-41F6-A738-300B7F27DFD2}"
EndProject
Project("{2150E333-8FDC-42A3-9474-1A3956D46DE8}") = "Modules", "Modules", "{9F0A55B9-0B71-4C86-8607-F3A98624D1E1}"
EndProject
Project("{FAE04EC0-301F-11D3-BF4B-00C04F79EFBC}") = "AppPackage", "AppPackage\AppPackage.csproj", "{61BEF809-410A-4C36-9771-8F0CD800E378}"
EndProject
Global
	GlobalSection(SolutionConfigurationPlatforms) = preSolution
		Debug|Any CPU = Debug|Any CPU
		Release|Any CPU = Release|Any CPU
	EndGlobalSection
	GlobalSection(ProjectConfigurationPlatforms) = postSolution
		{328FE73F-412B-41F6-A738-300B7F27DFD2}.Debug|Any CPU.ActiveCfg = Debug|Any CPU
		{328FE73F-412B-41F6-A738-300B7F27DFD2}.Debug|Any CPU.Build.0 = Debug|Any CPU
		{328FE73F-412B-41F6-A738-300B7F27DFD2}.Release|Any CPU.ActiveCfg = Release|Any CPU
		{328FE73F-412B-41F6-A738-300B7F27DFD2}.Release|Any CPU.Build.0 = Release|Any CPU
		{61BEF809-410A-4C36-9771-8F0CD800E378}.Debug|Any CPU.ActiveCfg = Debug|Any CPU
		{61BEF809-410A-4C36-9771-8F0CD800E378}.Debug|Any CPU.Build.0 = Debug|Any CPU
		{61BEF809-410A-4C36-9771-8F0CD800E378}.Release|Any CPU.ActiveCfg = Release|Any CPU
		{61BEF809-410A-4C36-9771-8F0CD800E378}.Release|Any CPU.Build.0 = Release|Any CPU
	EndGlobalSection
	GlobalSection(SolutionProperties) = preSolution
		HideSolutionNode = FALSE
	EndGlobalSection
	GlobalSection(NestedProjects) = preSolution
		{61BEF809-410A-4C36-9771-8F0CD800E378} = {9F0A55B9-0B71-4C86-8607-F3A98624D1E1}
	EndGlobalSection
	GlobalSection(ExtensibilityGlobals) = postSolution
		SolutionGuid = {7059E885-6711-4B4A-9331-F6A737167245}
	EndGlobalSection
EndGlobal
